// !$*UTF8*$!
{
	archiveVersion = 1;
	classes = {
	};
	objectVersion = 56;
	objects = {

/* Begin PBXBuildFile section */
		62191F2E2B13D3D7009ED29A /* GoogleService-Info.plist in Resources */ = {isa = PBXBuildFile; fileRef = 62191F2D2B13D3D6009ED29A /* GoogleService-Info.plist */; };
		62191F312B13D500009ED29A /* GoogleSignIn in Frameworks */ = {isa = PBXBuildFile; productRef = 62191F302B13D500009ED29A /* GoogleSignIn */; };
		62191F332B13D500009ED29A /* GoogleSignInSwift in Frameworks */ = {isa = PBXBuildFile; productRef = 62191F322B13D500009ED29A /* GoogleSignInSwift */; };
		6245D7482B20DA99009C979D /* Registration.storyboard in Resources */ = {isa = PBXBuildFile; fileRef = 6245D7472B20DA99009C979D /* Registration.storyboard */; };
		62499CA62B4ACAC800329601 /* Kingfisher in Frameworks */ = {isa = PBXBuildFile; productRef = 62499CA52B4ACAC800329601 /* Kingfisher */; };
		625729E72B17452B0011AE95 /* FirebaseStorageService.swift in Sources */ = {isa = PBXBuildFile; fileRef = 625729E62B17452B0011AE95 /* FirebaseStorageService.swift */; };
		626B18912B1277210098D295 /* FirebaseAnalytics in Frameworks */ = {isa = PBXBuildFile; productRef = 626B18902B1277210098D295 /* FirebaseAnalytics */; };
		626B18932B1277210098D295 /* FirebaseAnalyticsOnDeviceConversion in Frameworks */ = {isa = PBXBuildFile; productRef = 626B18922B1277210098D295 /* FirebaseAnalyticsOnDeviceConversion */; };
		626B18952B1277210098D295 /* FirebaseAnalyticsSwift in Frameworks */ = {isa = PBXBuildFile; productRef = 626B18942B1277210098D295 /* FirebaseAnalyticsSwift */; };
		626B18972B1277210098D295 /* FirebaseAnalyticsWithoutAdIdSupport in Frameworks */ = {isa = PBXBuildFile; productRef = 626B18962B1277210098D295 /* FirebaseAnalyticsWithoutAdIdSupport */; };
		626B18992B1277210098D295 /* FirebaseAppCheck in Frameworks */ = {isa = PBXBuildFile; productRef = 626B18982B1277210098D295 /* FirebaseAppCheck */; };
		626B189B2B1277210098D295 /* FirebaseAppDistribution-Beta in Frameworks */ = {isa = PBXBuildFile; productRef = 626B189A2B1277210098D295 /* FirebaseAppDistribution-Beta */; };
		626B189D2B1277210098D295 /* FirebaseAuth in Frameworks */ = {isa = PBXBuildFile; productRef = 626B189C2B1277210098D295 /* FirebaseAuth */; };
		626B189F2B1277210098D295 /* FirebaseAuthCombine-Community in Frameworks */ = {isa = PBXBuildFile; productRef = 626B189E2B1277210098D295 /* FirebaseAuthCombine-Community */; };
		626B18A12B1277210098D295 /* FirebaseCrashlytics in Frameworks */ = {isa = PBXBuildFile; productRef = 626B18A02B1277210098D295 /* FirebaseCrashlytics */; };
		626B18A32B1277210098D295 /* FirebaseDatabase in Frameworks */ = {isa = PBXBuildFile; productRef = 626B18A22B1277210098D295 /* FirebaseDatabase */; };
		626B18A52B1277210098D295 /* FirebaseDatabaseSwift in Frameworks */ = {isa = PBXBuildFile; productRef = 626B18A42B1277210098D295 /* FirebaseDatabaseSwift */; };
		626B18A72B1277210098D295 /* FirebaseDynamicLinks in Frameworks */ = {isa = PBXBuildFile; productRef = 626B18A62B1277210098D295 /* FirebaseDynamicLinks */; };
		626B18A92B1277210098D295 /* FirebaseFirestore in Frameworks */ = {isa = PBXBuildFile; productRef = 626B18A82B1277210098D295 /* FirebaseFirestore */; };
		626B18AB2B1277210098D295 /* FirebaseFirestoreCombine-Community in Frameworks */ = {isa = PBXBuildFile; productRef = 626B18AA2B1277210098D295 /* FirebaseFirestoreCombine-Community */; };
		626B18AD2B1277210098D295 /* FirebaseFirestoreSwift in Frameworks */ = {isa = PBXBuildFile; productRef = 626B18AC2B1277210098D295 /* FirebaseFirestoreSwift */; };
		626B18AF2B1277210098D295 /* FirebaseFunctions in Frameworks */ = {isa = PBXBuildFile; productRef = 626B18AE2B1277210098D295 /* FirebaseFunctions */; };
		626B18B12B1277210098D295 /* FirebaseFunctionsCombine-Community in Frameworks */ = {isa = PBXBuildFile; productRef = 626B18B02B1277210098D295 /* FirebaseFunctionsCombine-Community */; };
		626B18B32B1277210098D295 /* FirebaseInAppMessaging-Beta in Frameworks */ = {isa = PBXBuildFile; productRef = 626B18B22B1277210098D295 /* FirebaseInAppMessaging-Beta */; };
		626B18B52B1277210098D295 /* FirebaseInAppMessagingSwift-Beta in Frameworks */ = {isa = PBXBuildFile; productRef = 626B18B42B1277210098D295 /* FirebaseInAppMessagingSwift-Beta */; };
		626B18B72B1277210098D295 /* FirebaseInstallations in Frameworks */ = {isa = PBXBuildFile; productRef = 626B18B62B1277210098D295 /* FirebaseInstallations */; };
		626B18B92B1277210098D295 /* FirebaseMLModelDownloader in Frameworks */ = {isa = PBXBuildFile; productRef = 626B18B82B1277210098D295 /* FirebaseMLModelDownloader */; };
		626B18BB2B1277210098D295 /* FirebaseMessaging in Frameworks */ = {isa = PBXBuildFile; productRef = 626B18BA2B1277210098D295 /* FirebaseMessaging */; };
		626B18BD2B1277210098D295 /* FirebasePerformance in Frameworks */ = {isa = PBXBuildFile; productRef = 626B18BC2B1277210098D295 /* FirebasePerformance */; };
		626B18BF2B1277210098D295 /* FirebaseRemoteConfig in Frameworks */ = {isa = PBXBuildFile; productRef = 626B18BE2B1277210098D295 /* FirebaseRemoteConfig */; };
		626B18C12B1277210098D295 /* FirebaseRemoteConfigSwift in Frameworks */ = {isa = PBXBuildFile; productRef = 626B18C02B1277210098D295 /* FirebaseRemoteConfigSwift */; };
		626B18C32B1277210098D295 /* FirebaseStorage in Frameworks */ = {isa = PBXBuildFile; productRef = 626B18C22B1277210098D295 /* FirebaseStorage */; };
		626B18C52B1277210098D295 /* FirebaseStorageCombine-Community in Frameworks */ = {isa = PBXBuildFile; productRef = 626B18C42B1277210098D295 /* FirebaseStorageCombine-Community */; };
		62760BD32B1F8D49002A1BF2 /* LoginViewControllerExt.swift in Sources */ = {isa = PBXBuildFile; fileRef = 62760BD22B1F8D49002A1BF2 /* LoginViewControllerExt.swift */; };
		62760BD72B1F8DC5002A1BF2 /* AchievementsCell.xib in Resources */ = {isa = PBXBuildFile; fileRef = 62760BD52B1F8DC5002A1BF2 /* AchievementsCell.xib */; };
		62760BD82B1F8DC5002A1BF2 /* AchievementsCell.swift in Sources */ = {isa = PBXBuildFile; fileRef = 62760BD62B1F8DC5002A1BF2 /* AchievementsCell.swift */; };
		62760BDC2B1F8E42002A1BF2 /* Login.storyboard in Resources */ = {isa = PBXBuildFile; fileRef = 62760BDA2B1F8E42002A1BF2 /* Login.storyboard */; };
		62760BE32B1F8E62002A1BF2 /* LaunchScreen.storyboard in Resources */ = {isa = PBXBuildFile; fileRef = 62760BDF2B1F8E61002A1BF2 /* LaunchScreen.storyboard */; };
		62760BE42B1F8E62002A1BF2 /* Main.storyboard in Resources */ = {isa = PBXBuildFile; fileRef = 62760BE12B1F8E61002A1BF2 /* Main.storyboard */; };
		62760BE82B1F8E90002A1BF2 /* LoginViewController.swift in Sources */ = {isa = PBXBuildFile; fileRef = 62760BE62B1F8E90002A1BF2 /* LoginViewController.swift */; };
		62760BE92B1F8E90002A1BF2 /* RegistrationViewController.swift in Sources */ = {isa = PBXBuildFile; fileRef = 62760BE72B1F8E90002A1BF2 /* RegistrationViewController.swift */; };
		62760BEB2B1F8ECC002A1BF2 /* BaseAuthController.swift in Sources */ = {isa = PBXBuildFile; fileRef = 62760BEA2B1F8ECC002A1BF2 /* BaseAuthController.swift */; };
		62760BEE2B1F9112002A1BF2 /* PosesCollectionViewCell.xib in Resources */ = {isa = PBXBuildFile; fileRef = 62760BEC2B1F9112002A1BF2 /* PosesCollectionViewCell.xib */; };
		62760BEF2B1F9112002A1BF2 /* PosesCollectionViewCell.swift in Sources */ = {isa = PBXBuildFile; fileRef = 62760BED2B1F9112002A1BF2 /* PosesCollectionViewCell.swift */; };
		627D80D62B0D560100331E0F /* PosesCollectionViewController.swift in Sources */ = {isa = PBXBuildFile; fileRef = 627D80D52B0D560100331E0F /* PosesCollectionViewController.swift */; };
		627D80D82B0D565000331E0F /* NotesTableViewController.swift in Sources */ = {isa = PBXBuildFile; fileRef = 627D80D72B0D565000331E0F /* NotesTableViewController.swift */; };
		627D80DC2B0D56CD00331E0F /* PosesDetailViewController.swift in Sources */ = {isa = PBXBuildFile; fileRef = 627D80DB2B0D56CD00331E0F /* PosesDetailViewController.swift */; };
		627D80DE2B0D574D00331E0F /* AchievementsCollectionViewController.swift in Sources */ = {isa = PBXBuildFile; fileRef = 627D80DD2B0D574D00331E0F /* AchievementsCollectionViewController.swift */; };
		627D80E22B0D588000331E0F /* RegistrationViewModel.swift in Sources */ = {isa = PBXBuildFile; fileRef = 627D80E12B0D588000331E0F /* RegistrationViewModel.swift */; };
		627D80E42B0D589500331E0F /* LoginViewModel.swift in Sources */ = {isa = PBXBuildFile; fileRef = 627D80E32B0D589500331E0F /* LoginViewModel.swift */; };
		627D80E82B0D58DD00331E0F /* PosesViewModel.swift in Sources */ = {isa = PBXBuildFile; fileRef = 627D80E72B0D58DD00331E0F /* PosesViewModel.swift */; };
		627D80EA2B0D58F000331E0F /* NotesViewModel.swift in Sources */ = {isa = PBXBuildFile; fileRef = 627D80E92B0D58F000331E0F /* NotesViewModel.swift */; };
		627D80EE2B0D591E00331E0F /* PosesDetailViewModel.swift in Sources */ = {isa = PBXBuildFile; fileRef = 627D80ED2B0D591E00331E0F /* PosesDetailViewModel.swift */; };
		627D80F02B0D594400331E0F /* AchievementsViewModel.swift in Sources */ = {isa = PBXBuildFile; fileRef = 627D80EF2B0D594400331E0F /* AchievementsViewModel.swift */; };
		627D81022B0D5DDE00331E0F /* Lottie in Frameworks */ = {isa = PBXBuildFile; productRef = 627D81012B0D5DDE00331E0F /* Lottie */; };
		628CE8402B1FA08200460A92 /* InfoViewController.swift in Sources */ = {isa = PBXBuildFile; fileRef = 628CE83F2B1FA08200460A92 /* InfoViewController.swift */; };
		629CF9D52B1397280009261D /* MainTabBarController.swift in Sources */ = {isa = PBXBuildFile; fileRef = 629CF9D42B1397280009261D /* MainTabBarController.swift */; };
		62EB93C02B0D3A360052EF6F /* AppDelegate.swift in Sources */ = {isa = PBXBuildFile; fileRef = 62EB93BF2B0D3A360052EF6F /* AppDelegate.swift */; };
		62EB93C22B0D3A360052EF6F /* SceneDelegate.swift in Sources */ = {isa = PBXBuildFile; fileRef = 62EB93C12B0D3A360052EF6F /* SceneDelegate.swift */; };
		62EB93C92B0D3A390052EF6F /* Assets.xcassets in Resources */ = {isa = PBXBuildFile; fileRef = 62EB93C82B0D3A390052EF6F /* Assets.xcassets */; };
		62EB93E72B0D3D3E0052EF6F /* User.swift in Sources */ = {isa = PBXBuildFile; fileRef = 62EB93E62B0D3D3E0052EF6F /* User.swift */; };
		62EB93F22B0D40840052EF6F /* Note.swift in Sources */ = {isa = PBXBuildFile; fileRef = 62EB93F12B0D40840052EF6F /* Note.swift */; };
		62EB93FB2B0D41690052EF6F /* flower.json in Resources */ = {isa = PBXBuildFile; fileRef = 62EB93F52B0D41690052EF6F /* flower.json */; };
		62EB93FC2B0D41690052EF6F /* approve.json in Resources */ = {isa = PBXBuildFile; fileRef = 62EB93F62B0D41690052EF6F /* approve.json */; };
		62EB93FD2B0D41690052EF6F /* clover.json in Resources */ = {isa = PBXBuildFile; fileRef = 62EB93F72B0D41690052EF6F /* clover.json */; };
		62EB93FE2B0D41690052EF6F /* dandelion.json in Resources */ = {isa = PBXBuildFile; fileRef = 62EB93F82B0D41690052EF6F /* dandelion.json */; };
		62EB93FF2B0D41690052EF6F /* heart.json in Resources */ = {isa = PBXBuildFile; fileRef = 62EB93F92B0D41690052EF6F /* heart.json */; };
		62EB94002B0D41690052EF6F /* star.json in Resources */ = {isa = PBXBuildFile; fileRef = 62EB93FA2B0D41690052EF6F /* star.json */; };
		62EB94092B0D42450052EF6F /* UIViewExt.swift in Sources */ = {isa = PBXBuildFile; fileRef = 62EB94082B0D42440052EF6F /* UIViewExt.swift */; };
/* End PBXBuildFile section */

/* Begin PBXFileReference section */
		62191F2D2B13D3D6009ED29A /* GoogleService-Info.plist */ = {isa = PBXFileReference; fileEncoding = 4; lastKnownFileType = text.plist.xml; path = "GoogleService-Info.plist"; sourceTree = "<group>"; };
		6245D7472B20DA99009C979D /* Registration.storyboard */ = {isa = PBXFileReference; lastKnownFileType = file.storyboard; path = Registration.storyboard; sourceTree = "<group>"; };
		625729E62B17452B0011AE95 /* FirebaseStorageService.swift */ = {isa = PBXFileReference; lastKnownFileType = sourcecode.swift; path = FirebaseStorageService.swift; sourceTree = "<group>"; };
		62760BD22B1F8D49002A1BF2 /* LoginViewControllerExt.swift */ = {isa = PBXFileReference; lastKnownFileType = sourcecode.swift; path = LoginViewControllerExt.swift; sourceTree = "<group>"; };
		62760BD52B1F8DC5002A1BF2 /* AchievementsCell.xib */ = {isa = PBXFileReference; fileEncoding = 4; lastKnownFileType = file.xib; path = AchievementsCell.xib; sourceTree = "<group>"; };
		62760BD62B1F8DC5002A1BF2 /* AchievementsCell.swift */ = {isa = PBXFileReference; fileEncoding = 4; lastKnownFileType = sourcecode.swift; path = AchievementsCell.swift; sourceTree = "<group>"; };
		62760BDA2B1F8E42002A1BF2 /* Login.storyboard */ = {isa = PBXFileReference; fileEncoding = 4; lastKnownFileType = file.storyboard; path = Login.storyboard; sourceTree = "<group>"; };
		62760BE02B1F8E61002A1BF2 /* Base */ = {isa = PBXFileReference; lastKnownFileType = file.storyboard; name = Base; path = Base.lproj/LaunchScreen.storyboard; sourceTree = "<group>"; };
		62760BE22B1F8E61002A1BF2 /* Base */ = {isa = PBXFileReference; lastKnownFileType = file.storyboard; name = Base; path = Base.lproj/Main.storyboard; sourceTree = "<group>"; };
		62760BE62B1F8E90002A1BF2 /* LoginViewController.swift */ = {isa = PBXFileReference; fileEncoding = 4; lastKnownFileType = sourcecode.swift; path = LoginViewController.swift; sourceTree = "<group>"; };
		62760BE72B1F8E90002A1BF2 /* RegistrationViewController.swift */ = {isa = PBXFileReference; fileEncoding = 4; lastKnownFileType = sourcecode.swift; path = RegistrationViewController.swift; sourceTree = "<group>"; };
		62760BEA2B1F8ECC002A1BF2 /* BaseAuthController.swift */ = {isa = PBXFileReference; fileEncoding = 4; lastKnownFileType = sourcecode.swift; path = BaseAuthController.swift; sourceTree = "<group>"; };
		62760BEC2B1F9112002A1BF2 /* PosesCollectionViewCell.xib */ = {isa = PBXFileReference; fileEncoding = 4; lastKnownFileType = file.xib; path = PosesCollectionViewCell.xib; sourceTree = "<group>"; };
		62760BED2B1F9112002A1BF2 /* PosesCollectionViewCell.swift */ = {isa = PBXFileReference; fileEncoding = 4; lastKnownFileType = sourcecode.swift; path = PosesCollectionViewCell.swift; sourceTree = "<group>"; };
		627D80D52B0D560100331E0F /* PosesCollectionViewController.swift */ = {isa = PBXFileReference; lastKnownFileType = sourcecode.swift; path = PosesCollectionViewController.swift; sourceTree = "<group>"; };
		627D80D72B0D565000331E0F /* NotesTableViewController.swift */ = {isa = PBXFileReference; lastKnownFileType = sourcecode.swift; path = NotesTableViewController.swift; sourceTree = "<group>"; };
		627D80DB2B0D56CD00331E0F /* PosesDetailViewController.swift */ = {isa = PBXFileReference; lastKnownFileType = sourcecode.swift; path = PosesDetailViewController.swift; sourceTree = "<group>"; };
		627D80DD2B0D574D00331E0F /* AchievementsCollectionViewController.swift */ = {isa = PBXFileReference; lastKnownFileType = sourcecode.swift; path = AchievementsCollectionViewController.swift; sourceTree = "<group>"; };
		627D80E12B0D588000331E0F /* RegistrationViewModel.swift */ = {isa = PBXFileReference; lastKnownFileType = sourcecode.swift; path = RegistrationViewModel.swift; sourceTree = "<group>"; };
		627D80E32B0D589500331E0F /* LoginViewModel.swift */ = {isa = PBXFileReference; lastKnownFileType = sourcecode.swift; path = LoginViewModel.swift; sourceTree = "<group>"; };
		627D80E72B0D58DD00331E0F /* PosesViewModel.swift */ = {isa = PBXFileReference; lastKnownFileType = sourcecode.swift; path = PosesViewModel.swift; sourceTree = "<group>"; };
		627D80E92B0D58F000331E0F /* NotesViewModel.swift */ = {isa = PBXFileReference; lastKnownFileType = sourcecode.swift; path = NotesViewModel.swift; sourceTree = "<group>"; };
		627D80ED2B0D591E00331E0F /* PosesDetailViewModel.swift */ = {isa = PBXFileReference; lastKnownFileType = sourcecode.swift; path = PosesDetailViewModel.swift; sourceTree = "<group>"; };
		627D80EF2B0D594400331E0F /* AchievementsViewModel.swift */ = {isa = PBXFileReference; lastKnownFileType = sourcecode.swift; path = AchievementsViewModel.swift; sourceTree = "<group>"; };
		628CE83F2B1FA08200460A92 /* InfoViewController.swift */ = {isa = PBXFileReference; lastKnownFileType = sourcecode.swift; path = InfoViewController.swift; sourceTree = "<group>"; };
		629CF9D42B1397280009261D /* MainTabBarController.swift */ = {isa = PBXFileReference; lastKnownFileType = sourcecode.swift; path = MainTabBarController.swift; sourceTree = "<group>"; };
		62EB93BC2B0D3A360052EF6F /* ZenYoga.app */ = {isa = PBXFileReference; explicitFileType = wrapper.application; includeInIndex = 0; path = ZenYoga.app; sourceTree = BUILT_PRODUCTS_DIR; };
		62EB93BF2B0D3A360052EF6F /* AppDelegate.swift */ = {isa = PBXFileReference; lastKnownFileType = sourcecode.swift; path = AppDelegate.swift; sourceTree = "<group>"; };
		62EB93C12B0D3A360052EF6F /* SceneDelegate.swift */ = {isa = PBXFileReference; lastKnownFileType = sourcecode.swift; path = SceneDelegate.swift; sourceTree = "<group>"; };
		62EB93C82B0D3A390052EF6F /* Assets.xcassets */ = {isa = PBXFileReference; lastKnownFileType = folder.assetcatalog; path = Assets.xcassets; sourceTree = "<group>"; };
		62EB93CD2B0D3A3A0052EF6F /* Info.plist */ = {isa = PBXFileReference; lastKnownFileType = text.plist.xml; path = Info.plist; sourceTree = "<group>"; };
		62EB93E62B0D3D3E0052EF6F /* User.swift */ = {isa = PBXFileReference; lastKnownFileType = sourcecode.swift; path = User.swift; sourceTree = "<group>"; };
		62EB93F12B0D40840052EF6F /* Note.swift */ = {isa = PBXFileReference; lastKnownFileType = sourcecode.swift; path = Note.swift; sourceTree = "<group>"; };
		62EB93F52B0D41690052EF6F /* flower.json */ = {isa = PBXFileReference; fileEncoding = 4; lastKnownFileType = text.json; path = flower.json; sourceTree = "<group>"; };
		62EB93F62B0D41690052EF6F /* approve.json */ = {isa = PBXFileReference; fileEncoding = 4; lastKnownFileType = text.json; path = approve.json; sourceTree = "<group>"; };
		62EB93F72B0D41690052EF6F /* clover.json */ = {isa = PBXFileReference; fileEncoding = 4; lastKnownFileType = text.json; path = clover.json; sourceTree = "<group>"; };
		62EB93F82B0D41690052EF6F /* dandelion.json */ = {isa = PBXFileReference; fileEncoding = 4; lastKnownFileType = text.json; path = dandelion.json; sourceTree = "<group>"; };
		62EB93F92B0D41690052EF6F /* heart.json */ = {isa = PBXFileReference; fileEncoding = 4; lastKnownFileType = text.json; path = heart.json; sourceTree = "<group>"; };
		62EB93FA2B0D41690052EF6F /* star.json */ = {isa = PBXFileReference; fileEncoding = 4; lastKnownFileType = text.json; path = star.json; sourceTree = "<group>"; };
		62EB94082B0D42440052EF6F /* UIViewExt.swift */ = {isa = PBXFileReference; fileEncoding = 4; lastKnownFileType = sourcecode.swift; path = UIViewExt.swift; sourceTree = "<group>"; };
/* End PBXFileReference section */

/* Begin PBXFrameworksBuildPhase section */
		62EB93B92B0D3A360052EF6F /* Frameworks */ = {
			isa = PBXFrameworksBuildPhase;
			buildActionMask = 2147483647;
			files = (
				626B18AF2B1277210098D295 /* FirebaseFunctions in Frameworks */,
				626B18A52B1277210098D295 /* FirebaseDatabaseSwift in Frameworks */,
				626B18B52B1277210098D295 /* FirebaseInAppMessagingSwift-Beta in Frameworks */,
				626B18BB2B1277210098D295 /* FirebaseMessaging in Frameworks */,
				626B189B2B1277210098D295 /* FirebaseAppDistribution-Beta in Frameworks */,
				626B189F2B1277210098D295 /* FirebaseAuthCombine-Community in Frameworks */,
				626B18AB2B1277210098D295 /* FirebaseFirestoreCombine-Community in Frameworks */,
				626B18952B1277210098D295 /* FirebaseAnalyticsSwift in Frameworks */,
				626B18B92B1277210098D295 /* FirebaseMLModelDownloader in Frameworks */,
				62191F312B13D500009ED29A /* GoogleSignIn in Frameworks */,
				626B18972B1277210098D295 /* FirebaseAnalyticsWithoutAdIdSupport in Frameworks */,
				626B18912B1277210098D295 /* FirebaseAnalytics in Frameworks */,
				626B18AD2B1277210098D295 /* FirebaseFirestoreSwift in Frameworks */,
				626B18932B1277210098D295 /* FirebaseAnalyticsOnDeviceConversion in Frameworks */,
				626B18992B1277210098D295 /* FirebaseAppCheck in Frameworks */,
				62191F332B13D500009ED29A /* GoogleSignInSwift in Frameworks */,
				626B18BD2B1277210098D295 /* FirebasePerformance in Frameworks */,
				626B18B32B1277210098D295 /* FirebaseInAppMessaging-Beta in Frameworks */,
				626B18B12B1277210098D295 /* FirebaseFunctionsCombine-Community in Frameworks */,
				626B18A12B1277210098D295 /* FirebaseCrashlytics in Frameworks */,
				626B18B72B1277210098D295 /* FirebaseInstallations in Frameworks */,
				626B18BF2B1277210098D295 /* FirebaseRemoteConfig in Frameworks */,
				626B18C32B1277210098D295 /* FirebaseStorage in Frameworks */,
				626B18A32B1277210098D295 /* FirebaseDatabase in Frameworks */,
				62499CA62B4ACAC800329601 /* Kingfisher in Frameworks */,
				626B18C52B1277210098D295 /* FirebaseStorageCombine-Community in Frameworks */,
				627D81022B0D5DDE00331E0F /* Lottie in Frameworks */,
				626B189D2B1277210098D295 /* FirebaseAuth in Frameworks */,
				626B18A72B1277210098D295 /* FirebaseDynamicLinks in Frameworks */,
				626B18A92B1277210098D295 /* FirebaseFirestore in Frameworks */,
				626B18C12B1277210098D295 /* FirebaseRemoteConfigSwift in Frameworks */,
			);
			runOnlyForDeploymentPostprocessing = 0;
		};
/* End PBXFrameworksBuildPhase section */

/* Begin PBXGroup section */
		62572A162B1CBBE10011AE95 /* Poses */ = {
			isa = PBXGroup;
			children = (
				62760BED2B1F9112002A1BF2 /* PosesCollectionViewCell.swift */,
				62760BEC2B1F9112002A1BF2 /* PosesCollectionViewCell.xib */,
			);
			path = Poses;
			sourceTree = "<group>";
		};
		62572A212B1CBE5F0011AE95 /* Notes */ = {
			isa = PBXGroup;
			children = (
				627D80D72B0D565000331E0F /* NotesTableViewController.swift */,
			);
			path = Notes;
			sourceTree = "<group>";
		};
		62572A232B1CBEB20011AE95 /* Achievements */ = {
			isa = PBXGroup;
			children = (
				627D80DD2B0D574D00331E0F /* AchievementsCollectionViewController.swift */,
			);
			path = Achievements;
			sourceTree = "<group>";
		};
		62572A242B1CBED10011AE95 /* Main */ = {
			isa = PBXGroup;
			children = (
				629CF9D42B1397280009261D /* MainTabBarController.swift */,
				627D80D52B0D560100331E0F /* PosesCollectionViewController.swift */,
				627D80DB2B0D56CD00331E0F /* PosesDetailViewController.swift */,
			);
			path = Main;
			sourceTree = "<group>";
		};
		62760BD42B1F8DA3002A1BF2 /* Achievements */ = {
			isa = PBXGroup;
			children = (
				62760BD62B1F8DC5002A1BF2 /* AchievementsCell.swift */,
				62760BD52B1F8DC5002A1BF2 /* AchievementsCell.xib */,
			);
			name = Achievements;
			path = ../Achievements;
			sourceTree = "<group>";
		};
		62760BD92B1F8E42002A1BF2 /* Authorization */ = {
			isa = PBXGroup;
			children = (
				62760BDA2B1F8E42002A1BF2 /* Login.storyboard */,
				6245D7472B20DA99009C979D /* Registration.storyboard */,
			);
			path = Authorization;
			sourceTree = "<group>";
		};
		62760BDE2B1F8E61002A1BF2 /* MainFlow */ = {
			isa = PBXGroup;
			children = (
				62760BDF2B1F8E61002A1BF2 /* LaunchScreen.storyboard */,
				62760BE12B1F8E61002A1BF2 /* Main.storyboard */,
			);
			path = MainFlow;
			sourceTree = "<group>";
		};
		62760BE52B1F8E90002A1BF2 /* Authorization */ = {
			isa = PBXGroup;
			children = (
				62760BE62B1F8E90002A1BF2 /* LoginViewController.swift */,
				62760BE72B1F8E90002A1BF2 /* RegistrationViewController.swift */,
			);
			path = Authorization;
			sourceTree = "<group>";
		};
		62AB8EC22B1F9CF500EF11AB /* Settings */ = {
			isa = PBXGroup;
			children = (
				628CE83F2B1FA08200460A92 /* InfoViewController.swift */,
			);
			path = Settings;
			sourceTree = "<group>";
		};
		62EB93B32B0D3A350052EF6F = {
			isa = PBXGroup;
			children = (
				62EB93BE2B0D3A360052EF6F /* ZenYoga */,
				62EB93BD2B0D3A360052EF6F /* Products */,
			);
			sourceTree = "<group>";
		};
		62EB93BD2B0D3A360052EF6F /* Products */ = {
			isa = PBXGroup;
			children = (
				62EB93BC2B0D3A360052EF6F /* ZenYoga.app */,
			);
			name = Products;
			sourceTree = "<group>";
		};
		62EB93BE2B0D3A360052EF6F /* ZenYoga */ = {
			isa = PBXGroup;
			children = (
				62EB93D32B0D3B0B0052EF6F /* Application */,
				62EB93E02B0D3CD50052EF6F /* Services */,
				62EB94062B0D42440052EF6F /* Extensions */,
				62EB93D92B0D3B710052EF6F /* ViewModel */,
				62EB93DF2B0D3C4E0052EF6F /* Models */,
				62EB93D52B0D3B390052EF6F /* Views */,
				62EB93DB2B0D3BDD0052EF6F /* Resources */,
			);
			path = ZenYoga;
			sourceTree = "<group>";
		};
		62EB93D32B0D3B0B0052EF6F /* Application */ = {
			isa = PBXGroup;
			children = (
				62EB93D42B0D3B170052EF6F /* Delegates */,
				62191F2D2B13D3D6009ED29A /* GoogleService-Info.plist */,
				62EB93CD2B0D3A3A0052EF6F /* Info.plist */,
			);
			path = Application;
			sourceTree = "<group>";
		};
		62EB93D42B0D3B170052EF6F /* Delegates */ = {
			isa = PBXGroup;
			children = (
				62EB93BF2B0D3A360052EF6F /* AppDelegate.swift */,
				62EB93C12B0D3A360052EF6F /* SceneDelegate.swift */,
			);
			path = Delegates;
			sourceTree = "<group>";
		};
		62EB93D52B0D3B390052EF6F /* Views */ = {
			isa = PBXGroup;
			children = (
				62EB93DA2B0D3B820052EF6F /* Cells */,
				62EB93D72B0D3B530052EF6F /* Controllers */,
				62EB93D82B0D3B640052EF6F /* Storyboards */,
			);
			path = Views;
			sourceTree = "<group>";
		};
		62EB93D72B0D3B530052EF6F /* Controllers */ = {
			isa = PBXGroup;
			children = (
				62760BE52B1F8E90002A1BF2 /* Authorization */,
				62572A242B1CBED10011AE95 /* Main */,
				62572A212B1CBE5F0011AE95 /* Notes */,
				62572A232B1CBEB20011AE95 /* Achievements */,
				62AB8EC22B1F9CF500EF11AB /* Settings */,
			);
			path = Controllers;
			sourceTree = "<group>";
		};
		62EB93D82B0D3B640052EF6F /* Storyboards */ = {
			isa = PBXGroup;
			children = (
				62760BDE2B1F8E61002A1BF2 /* MainFlow */,
				62760BD92B1F8E42002A1BF2 /* Authorization */,
			);
			path = Storyboards;
			sourceTree = "<group>";
		};
		62EB93D92B0D3B710052EF6F /* ViewModel */ = {
			isa = PBXGroup;
			children = (
				627D80E12B0D588000331E0F /* RegistrationViewModel.swift */,
				627D80E32B0D589500331E0F /* LoginViewModel.swift */,
				627D80E72B0D58DD00331E0F /* PosesViewModel.swift */,
				627D80E92B0D58F000331E0F /* NotesViewModel.swift */,
				627D80ED2B0D591E00331E0F /* PosesDetailViewModel.swift */,
				627D80EF2B0D594400331E0F /* AchievementsViewModel.swift */,
			);
			path = ViewModel;
			sourceTree = "<group>";
		};
		62EB93DA2B0D3B820052EF6F /* Cells */ = {
			isa = PBXGroup;
			children = (
				62760BD42B1F8DA3002A1BF2 /* Achievements */,
				62572A162B1CBBE10011AE95 /* Poses */,
			);
			path = Cells;
			sourceTree = "<group>";
		};
		62EB93DB2B0D3BDD0052EF6F /* Resources */ = {
			isa = PBXGroup;
			children = (
				62EB93DD2B0D3BFE0052EF6F /* Animation */,
				62EB93C82B0D3A390052EF6F /* Assets.xcassets */,
			);
			path = Resources;
			sourceTree = "<group>";
		};
		62EB93DD2B0D3BFE0052EF6F /* Animation */ = {
			isa = PBXGroup;
			children = (
				62EB93F62B0D41690052EF6F /* approve.json */,
				62EB93F72B0D41690052EF6F /* clover.json */,
				62EB93F82B0D41690052EF6F /* dandelion.json */,
				62EB93F52B0D41690052EF6F /* flower.json */,
				62EB93F92B0D41690052EF6F /* heart.json */,
				62EB93FA2B0D41690052EF6F /* star.json */,
			);
			path = Animation;
			sourceTree = "<group>";
		};
		62EB93DF2B0D3C4E0052EF6F /* Models */ = {
			isa = PBXGroup;
			children = (
				62EB93E62B0D3D3E0052EF6F /* User.swift */,
				62EB93F12B0D40840052EF6F /* Note.swift */,
			);
			path = Models;
			sourceTree = "<group>";
		};
		62EB93E02B0D3CD50052EF6F /* Services */ = {
			isa = PBXGroup;
			children = (
				625729E62B17452B0011AE95 /* FirebaseStorageService.swift */,
			);
			path = Services;
			sourceTree = "<group>";
		};
		62EB94062B0D42440052EF6F /* Extensions */ = {
			isa = PBXGroup;
			children = (
				62EB94082B0D42440052EF6F /* UIViewExt.swift */,
				62760BEA2B1F8ECC002A1BF2 /* BaseAuthController.swift */,
				62760BD22B1F8D49002A1BF2 /* LoginViewControllerExt.swift */,
			);
			path = Extensions;
			sourceTree = "<group>";
		};
/* End PBXGroup section */

/* Begin PBXNativeTarget section */
		62EB93BB2B0D3A360052EF6F /* ZenYoga */ = {
			isa = PBXNativeTarget;
			buildConfigurationList = 62EB93D02B0D3A3A0052EF6F /* Build configuration list for PBXNativeTarget "ZenYoga" */;
			buildPhases = (
				62EB93B82B0D3A360052EF6F /* Sources */,
				62EB93B92B0D3A360052EF6F /* Frameworks */,
				62EB93BA2B0D3A360052EF6F /* Resources */,
			);
			buildRules = (
			);
			dependencies = (
			);
			name = ZenYoga;
			packageProductDependencies = (
				627D81012B0D5DDE00331E0F /* Lottie */,
				626B18902B1277210098D295 /* FirebaseAnalytics */,
				626B18922B1277210098D295 /* FirebaseAnalyticsOnDeviceConversion */,
				626B18942B1277210098D295 /* FirebaseAnalyticsSwift */,
				626B18962B1277210098D295 /* FirebaseAnalyticsWithoutAdIdSupport */,
				626B18982B1277210098D295 /* FirebaseAppCheck */,
				626B189A2B1277210098D295 /* FirebaseAppDistribution-Beta */,
				626B189C2B1277210098D295 /* FirebaseAuth */,
				626B189E2B1277210098D295 /* FirebaseAuthCombine-Community */,
				626B18A02B1277210098D295 /* FirebaseCrashlytics */,
				626B18A22B1277210098D295 /* FirebaseDatabase */,
				626B18A42B1277210098D295 /* FirebaseDatabaseSwift */,
				626B18A62B1277210098D295 /* FirebaseDynamicLinks */,
				626B18A82B1277210098D295 /* FirebaseFirestore */,
				626B18AA2B1277210098D295 /* FirebaseFirestoreCombine-Community */,
				626B18AC2B1277210098D295 /* FirebaseFirestoreSwift */,
				626B18AE2B1277210098D295 /* FirebaseFunctions */,
				626B18B02B1277210098D295 /* FirebaseFunctionsCombine-Community */,
				626B18B22B1277210098D295 /* FirebaseInAppMessaging-Beta */,
				626B18B42B1277210098D295 /* FirebaseInAppMessagingSwift-Beta */,
				626B18B62B1277210098D295 /* FirebaseInstallations */,
				626B18B82B1277210098D295 /* FirebaseMLModelDownloader */,
				626B18BA2B1277210098D295 /* FirebaseMessaging */,
				626B18BC2B1277210098D295 /* FirebasePerformance */,
				626B18BE2B1277210098D295 /* FirebaseRemoteConfig */,
				626B18C02B1277210098D295 /* FirebaseRemoteConfigSwift */,
				626B18C22B1277210098D295 /* FirebaseStorage */,
				626B18C42B1277210098D295 /* FirebaseStorageCombine-Community */,
				62191F302B13D500009ED29A /* GoogleSignIn */,
				62191F322B13D500009ED29A /* GoogleSignInSwift */,
				62499CA52B4ACAC800329601 /* Kingfisher */,
			);
			productName = ZenYoga;
			productReference = 62EB93BC2B0D3A360052EF6F /* ZenYoga.app */;
			productType = "com.apple.product-type.application";
		};
/* End PBXNativeTarget section */

/* Begin PBXProject section */
		62EB93B42B0D3A350052EF6F /* Project object */ = {
			isa = PBXProject;
			attributes = {
				BuildIndependentTargetsInParallel = 1;
				LastSwiftUpdateCheck = 1500;
				LastUpgradeCheck = 1500;
				TargetAttributes = {
					62EB93BB2B0D3A360052EF6F = {
						CreatedOnToolsVersion = 15.0.1;
					};
				};
			};
			buildConfigurationList = 62EB93B72B0D3A360052EF6F /* Build configuration list for PBXProject "ZenYoga" */;
			compatibilityVersion = "Xcode 14.0";
			developmentRegion = en;
			hasScannedForEncodings = 0;
			knownRegions = (
				en,
				Base,
			);
			mainGroup = 62EB93B32B0D3A350052EF6F;
			packageReferences = (
				627D81002B0D5DDE00331E0F /* XCRemoteSwiftPackageReference "lottie-spm" */,
				626B188F2B1277210098D295 /* XCRemoteSwiftPackageReference "firebase-ios-sdk" */,
				62191F2F2B13D500009ED29A /* XCRemoteSwiftPackageReference "GoogleSignIn-iOS" */,
				62499CA42B4ACAC700329601 /* XCRemoteSwiftPackageReference "Kingfisher" */,
			);
			productRefGroup = 62EB93BD2B0D3A360052EF6F /* Products */;
			projectDirPath = "";
			projectRoot = "";
			targets = (
				62EB93BB2B0D3A360052EF6F /* ZenYoga */,
			);
		};
/* End PBXProject section */

/* Begin PBXResourcesBuildPhase section */
		62EB93BA2B0D3A360052EF6F /* Resources */ = {
			isa = PBXResourcesBuildPhase;
			buildActionMask = 2147483647;
			files = (
				62760BDC2B1F8E42002A1BF2 /* Login.storyboard in Resources */,
				62191F2E2B13D3D7009ED29A /* GoogleService-Info.plist in Resources */,
				62EB94002B0D41690052EF6F /* star.json in Resources */,
				62760BE42B1F8E62002A1BF2 /* Main.storyboard in Resources */,
				62EB93C92B0D3A390052EF6F /* Assets.xcassets in Resources */,
				62760BD72B1F8DC5002A1BF2 /* AchievementsCell.xib in Resources */,
				62EB93FD2B0D41690052EF6F /* clover.json in Resources */,
				62EB93FB2B0D41690052EF6F /* flower.json in Resources */,
				6245D7482B20DA99009C979D /* Registration.storyboard in Resources */,
				62EB93FE2B0D41690052EF6F /* dandelion.json in Resources */,
				62EB93FF2B0D41690052EF6F /* heart.json in Resources */,
				62760BEE2B1F9112002A1BF2 /* PosesCollectionViewCell.xib in Resources */,
				62760BE32B1F8E62002A1BF2 /* LaunchScreen.storyboard in Resources */,
				62EB93FC2B0D41690052EF6F /* approve.json in Resources */,
			);
			runOnlyForDeploymentPostprocessing = 0;
		};
/* End PBXResourcesBuildPhase section */

/* Begin PBXSourcesBuildPhase section */
		62EB93B82B0D3A360052EF6F /* Sources */ = {
			isa = PBXSourcesBuildPhase;
			buildActionMask = 2147483647;
			files = (
				627D80DE2B0D574D00331E0F /* AchievementsCollectionViewController.swift in Sources */,
				627D80F02B0D594400331E0F /* AchievementsViewModel.swift in Sources */,
				62760BE92B1F8E90002A1BF2 /* RegistrationViewController.swift in Sources */,
				62760BEB2B1F8ECC002A1BF2 /* BaseAuthController.swift in Sources */,
				627D80E22B0D588000331E0F /* RegistrationViewModel.swift in Sources */,
				625729E72B17452B0011AE95 /* FirebaseStorageService.swift in Sources */,
				62EB94092B0D42450052EF6F /* UIViewExt.swift in Sources */,
				62EB93E72B0D3D3E0052EF6F /* User.swift in Sources */,
				627D80EE2B0D591E00331E0F /* PosesDetailViewModel.swift in Sources */,
				627D80E82B0D58DD00331E0F /* PosesViewModel.swift in Sources */,
				62760BE82B1F8E90002A1BF2 /* LoginViewController.swift in Sources */,
				627D80DC2B0D56CD00331E0F /* PosesDetailViewController.swift in Sources */,
				62EB93F22B0D40840052EF6F /* Note.swift in Sources */,
				62760BD32B1F8D49002A1BF2 /* LoginViewControllerExt.swift in Sources */,
				628CE8402B1FA08200460A92 /* InfoViewController.swift in Sources */,
				627D80EA2B0D58F000331E0F /* NotesViewModel.swift in Sources */,
				62760BEF2B1F9112002A1BF2 /* PosesCollectionViewCell.swift in Sources */,
				627D80D62B0D560100331E0F /* PosesCollectionViewController.swift in Sources */,
				62760BD82B1F8DC5002A1BF2 /* AchievementsCell.swift in Sources */,
				62EB93C02B0D3A360052EF6F /* AppDelegate.swift in Sources */,
				629CF9D52B1397280009261D /* MainTabBarController.swift in Sources */,
				62EB93C22B0D3A360052EF6F /* SceneDelegate.swift in Sources */,
				627D80E42B0D589500331E0F /* LoginViewModel.swift in Sources */,
				627D80D82B0D565000331E0F /* NotesTableViewController.swift in Sources */,
			);
			runOnlyForDeploymentPostprocessing = 0;
		};
/* End PBXSourcesBuildPhase section */

/* Begin PBXVariantGroup section */
		62760BDF2B1F8E61002A1BF2 /* LaunchScreen.storyboard */ = {
			isa = PBXVariantGroup;
			children = (
				62760BE02B1F8E61002A1BF2 /* Base */,
			);
			name = LaunchScreen.storyboard;
			sourceTree = "<group>";
		};
		62760BE12B1F8E61002A1BF2 /* Main.storyboard */ = {
			isa = PBXVariantGroup;
			children = (
				62760BE22B1F8E61002A1BF2 /* Base */,
			);
			name = Main.storyboard;
			sourceTree = "<group>";
		};
/* End PBXVariantGroup section */

/* Begin XCBuildConfiguration section */
		62EB93CE2B0D3A3A0052EF6F /* Debug */ = {
			isa = XCBuildConfiguration;
			buildSettings = {
				ALWAYS_SEARCH_USER_PATHS = NO;
				ASSETCATALOG_COMPILER_GENERATE_SWIFT_ASSET_SYMBOL_EXTENSIONS = YES;
				CLANG_ANALYZER_NONNULL = YES;
				CLANG_ANALYZER_NUMBER_OBJECT_CONVERSION = YES_AGGRESSIVE;
				CLANG_CXX_LANGUAGE_STANDARD = "gnu++20";
				CLANG_ENABLE_MODULES = YES;
				CLANG_ENABLE_OBJC_ARC = YES;
				CLANG_ENABLE_OBJC_WEAK = YES;
				CLANG_WARN_BLOCK_CAPTURE_AUTORELEASING = YES;
				CLANG_WARN_BOOL_CONVERSION = YES;
				CLANG_WARN_COMMA = YES;
				CLANG_WARN_CONSTANT_CONVERSION = YES;
				CLANG_WARN_DEPRECATED_OBJC_IMPLEMENTATIONS = YES;
				CLANG_WARN_DIRECT_OBJC_ISA_USAGE = YES_ERROR;
				CLANG_WARN_DOCUMENTATION_COMMENTS = YES;
				CLANG_WARN_EMPTY_BODY = YES;
				CLANG_WARN_ENUM_CONVERSION = YES;
				CLANG_WARN_INFINITE_RECURSION = YES;
				CLANG_WARN_INT_CONVERSION = YES;
				CLANG_WARN_NON_LITERAL_NULL_CONVERSION = YES;
				CLANG_WARN_OBJC_IMPLICIT_RETAIN_SELF = YES;
				CLANG_WARN_OBJC_LITERAL_CONVERSION = YES;
				CLANG_WARN_OBJC_ROOT_CLASS = YES_ERROR;
				CLANG_WARN_QUOTED_INCLUDE_IN_FRAMEWORK_HEADER = YES;
				CLANG_WARN_RANGE_LOOP_ANALYSIS = YES;
				CLANG_WARN_STRICT_PROTOTYPES = YES;
				CLANG_WARN_SUSPICIOUS_MOVE = YES;
				CLANG_WARN_UNGUARDED_AVAILABILITY = YES_AGGRESSIVE;
				CLANG_WARN_UNREACHABLE_CODE = YES;
				CLANG_WARN__DUPLICATE_METHOD_MATCH = YES;
				COPY_PHASE_STRIP = NO;
				DEBUG_INFORMATION_FORMAT = dwarf;
				ENABLE_STRICT_OBJC_MSGSEND = YES;
				ENABLE_TESTABILITY = YES;
				ENABLE_USER_SCRIPT_SANDBOXING = YES;
				GCC_C_LANGUAGE_STANDARD = gnu17;
				GCC_DYNAMIC_NO_PIC = NO;
				GCC_NO_COMMON_BLOCKS = YES;
				GCC_OPTIMIZATION_LEVEL = 0;
				GCC_PREPROCESSOR_DEFINITIONS = (
					"DEBUG=1",
					"$(inherited)",
				);
				GCC_WARN_64_TO_32_BIT_CONVERSION = YES;
				GCC_WARN_ABOUT_RETURN_TYPE = YES_ERROR;
				GCC_WARN_UNDECLARED_SELECTOR = YES;
				GCC_WARN_UNINITIALIZED_AUTOS = YES_AGGRESSIVE;
				GCC_WARN_UNUSED_FUNCTION = YES;
				GCC_WARN_UNUSED_VARIABLE = YES;
				IPHONEOS_DEPLOYMENT_TARGET = 17.0;
				LOCALIZATION_PREFERS_STRING_CATALOGS = YES;
				MTL_ENABLE_DEBUG_INFO = INCLUDE_SOURCE;
				MTL_FAST_MATH = YES;
				ONLY_ACTIVE_ARCH = YES;
				SDKROOT = iphoneos;
				SWIFT_ACTIVE_COMPILATION_CONDITIONS = "DEBUG $(inherited)";
				SWIFT_OPTIMIZATION_LEVEL = "-Onone";
			};
			name = Debug;
		};
		62EB93CF2B0D3A3A0052EF6F /* Release */ = {
			isa = XCBuildConfiguration;
			buildSettings = {
				ALWAYS_SEARCH_USER_PATHS = NO;
				ASSETCATALOG_COMPILER_GENERATE_SWIFT_ASSET_SYMBOL_EXTENSIONS = YES;
				CLANG_ANALYZER_NONNULL = YES;
				CLANG_ANALYZER_NUMBER_OBJECT_CONVERSION = YES_AGGRESSIVE;
				CLANG_CXX_LANGUAGE_STANDARD = "gnu++20";
				CLANG_ENABLE_MODULES = YES;
				CLANG_ENABLE_OBJC_ARC = YES;
				CLANG_ENABLE_OBJC_WEAK = YES;
				CLANG_WARN_BLOCK_CAPTURE_AUTORELEASING = YES;
				CLANG_WARN_BOOL_CONVERSION = YES;
				CLANG_WARN_COMMA = YES;
				CLANG_WARN_CONSTANT_CONVERSION = YES;
				CLANG_WARN_DEPRECATED_OBJC_IMPLEMENTATIONS = YES;
				CLANG_WARN_DIRECT_OBJC_ISA_USAGE = YES_ERROR;
				CLANG_WARN_DOCUMENTATION_COMMENTS = YES;
				CLANG_WARN_EMPTY_BODY = YES;
				CLANG_WARN_ENUM_CONVERSION = YES;
				CLANG_WARN_INFINITE_RECURSION = YES;
				CLANG_WARN_INT_CONVERSION = YES;
				CLANG_WARN_NON_LITERAL_NULL_CONVERSION = YES;
				CLANG_WARN_OBJC_IMPLICIT_RETAIN_SELF = YES;
				CLANG_WARN_OBJC_LITERAL_CONVERSION = YES;
				CLANG_WARN_OBJC_ROOT_CLASS = YES_ERROR;
				CLANG_WARN_QUOTED_INCLUDE_IN_FRAMEWORK_HEADER = YES;
				CLANG_WARN_RANGE_LOOP_ANALYSIS = YES;
				CLANG_WARN_STRICT_PROTOTYPES = YES;
				CLANG_WARN_SUSPICIOUS_MOVE = YES;
				CLANG_WARN_UNGUARDED_AVAILABILITY = YES_AGGRESSIVE;
				CLANG_WARN_UNREACHABLE_CODE = YES;
				CLANG_WARN__DUPLICATE_METHOD_MATCH = YES;
				COPY_PHASE_STRIP = NO;
				DEBUG_INFORMATION_FORMAT = "dwarf-with-dsym";
				ENABLE_NS_ASSERTIONS = NO;
				ENABLE_STRICT_OBJC_MSGSEND = YES;
				ENABLE_USER_SCRIPT_SANDBOXING = YES;
				GCC_C_LANGUAGE_STANDARD = gnu17;
				GCC_NO_COMMON_BLOCKS = YES;
				GCC_WARN_64_TO_32_BIT_CONVERSION = YES;
				GCC_WARN_ABOUT_RETURN_TYPE = YES_ERROR;
				GCC_WARN_UNDECLARED_SELECTOR = YES;
				GCC_WARN_UNINITIALIZED_AUTOS = YES_AGGRESSIVE;
				GCC_WARN_UNUSED_FUNCTION = YES;
				GCC_WARN_UNUSED_VARIABLE = YES;
				IPHONEOS_DEPLOYMENT_TARGET = 17.0;
				LOCALIZATION_PREFERS_STRING_CATALOGS = YES;
				MTL_ENABLE_DEBUG_INFO = NO;
				MTL_FAST_MATH = YES;
				SDKROOT = iphoneos;
				SWIFT_COMPILATION_MODE = wholemodule;
				VALIDATE_PRODUCT = YES;
			};
			name = Release;
		};
		62EB93D12B0D3A3A0052EF6F /* Debug */ = {
			isa = XCBuildConfiguration;
			buildSettings = {
				ASSETCATALOG_COMPILER_APPICON_NAME = AppIcon;
				ASSETCATALOG_COMPILER_GLOBAL_ACCENT_COLOR_NAME = AccentColor;
				CODE_SIGN_STYLE = Automatic;
				CURRENT_PROJECT_VERSION = 1;
				DEVELOPMENT_TEAM = W2HCKKQTYD;
				GENERATE_INFOPLIST_FILE = YES;
				INFOPLIST_FILE = ZenYoga/Application/Info.plist;
				INFOPLIST_KEY_UIApplicationSupportsIndirectInputEvents = YES;
				INFOPLIST_KEY_UILaunchStoryboardName = LaunchScreen;
				INFOPLIST_KEY_UIMainStoryboardFile = Login;
				INFOPLIST_KEY_UISupportedInterfaceOrientations = "UIInterfaceOrientationLandscapeLeft UIInterfaceOrientationLandscapeRight UIInterfaceOrientationPortrait";
				INFOPLIST_KEY_UISupportedInterfaceOrientations_iPad = UIInterfaceOrientationPortrait;
				LD_RUNPATH_SEARCH_PATHS = (
					"$(inherited)",
					"@executable_path/Frameworks",
				);
				MARKETING_VERSION = 1.0;
				PRODUCT_BUNDLE_IDENTIFIER = by.product.ZenYoga;
				PRODUCT_NAME = "$(TARGET_NAME)";
				SUPPORTED_PLATFORMS = "iphoneos iphonesimulator";
				SUPPORTS_MACCATALYST = NO;
				SUPPORTS_MAC_DESIGNED_FOR_IPHONE_IPAD = NO;
				SWIFT_EMIT_LOC_STRINGS = YES;
				SWIFT_VERSION = 5.0;
				TARGETED_DEVICE_FAMILY = 1;
			};
			name = Debug;
		};
		62EB93D22B0D3A3A0052EF6F /* Release */ = {
			isa = XCBuildConfiguration;
			buildSettings = {
				ASSETCATALOG_COMPILER_APPICON_NAME = AppIcon;
				ASSETCATALOG_COMPILER_GLOBAL_ACCENT_COLOR_NAME = AccentColor;
				CODE_SIGN_STYLE = Automatic;
				CURRENT_PROJECT_VERSION = 1;
				DEVELOPMENT_TEAM = W2HCKKQTYD;
				GENERATE_INFOPLIST_FILE = YES;
				INFOPLIST_FILE = ZenYoga/Application/Info.plist;
				INFOPLIST_KEY_UIApplicationSupportsIndirectInputEvents = YES;
				INFOPLIST_KEY_UILaunchStoryboardName = LaunchScreen;
				INFOPLIST_KEY_UIMainStoryboardFile = Login;
				INFOPLIST_KEY_UISupportedInterfaceOrientations = "UIInterfaceOrientationLandscapeLeft UIInterfaceOrientationLandscapeRight UIInterfaceOrientationPortrait";
				INFOPLIST_KEY_UISupportedInterfaceOrientations_iPad = UIInterfaceOrientationPortrait;
				LD_RUNPATH_SEARCH_PATHS = (
					"$(inherited)",
					"@executable_path/Frameworks",
				);
				MARKETING_VERSION = 1.0;
				PRODUCT_BUNDLE_IDENTIFIER = by.product.ZenYoga;
				PRODUCT_NAME = "$(TARGET_NAME)";
				SUPPORTED_PLATFORMS = "iphoneos iphonesimulator";
				SUPPORTS_MACCATALYST = NO;
				SUPPORTS_MAC_DESIGNED_FOR_IPHONE_IPAD = NO;
				SWIFT_EMIT_LOC_STRINGS = YES;
				SWIFT_VERSION = 5.0;
				TARGETED_DEVICE_FAMILY = 1;
			};
			name = Release;
		};
/* End XCBuildConfiguration section */

/* Begin XCConfigurationList section */
		62EB93B72B0D3A360052EF6F /* Build configuration list for PBXProject "ZenYoga" */ = {
			isa = XCConfigurationList;
			buildConfigurations = (
				62EB93CE2B0D3A3A0052EF6F /* Debug */,
				62EB93CF2B0D3A3A0052EF6F /* Release */,
			);
			defaultConfigurationIsVisible = 0;
			defaultConfigurationName = Release;
		};
		62EB93D02B0D3A3A0052EF6F /* Build configuration list for PBXNativeTarget "ZenYoga" */ = {
			isa = XCConfigurationList;
			buildConfigurations = (
				62EB93D12B0D3A3A0052EF6F /* Debug */,
				62EB93D22B0D3A3A0052EF6F /* Release */,
			);
			defaultConfigurationIsVisible = 0;
			defaultConfigurationName = Release;
		};
/* End XCConfigurationList section */

/* Begin XCRemoteSwiftPackageReference section */
		62191F2F2B13D500009ED29A /* XCRemoteSwiftPackageReference "GoogleSignIn-iOS" */ = {
			isa = XCRemoteSwiftPackageReference;
			repositoryURL = "https://github.com/google/GoogleSignIn-iOS";
			requirement = {
				kind = upToNextMajorVersion;
				minimumVersion = 6.0.0;
			};
		};
		62499CA42B4ACAC700329601 /* XCRemoteSwiftPackageReference "Kingfisher" */ = {
			isa = XCRemoteSwiftPackageReference;
			repositoryURL = "https://github.com/onevcat/Kingfisher.git";
			requirement = {
				kind = upToNextMajorVersion;
				minimumVersion = 7.10.1;
			};
		};
		626B188F2B1277210098D295 /* XCRemoteSwiftPackageReference "firebase-ios-sdk" */ = {
			isa = XCRemoteSwiftPackageReference;
			repositoryURL = "https://github.com/firebase/firebase-ios-sdk.git";
			requirement = {
				kind = upToNextMajorVersion;
				minimumVersion = 10.17.0;
			};
		};
		627D81002B0D5DDE00331E0F /* XCRemoteSwiftPackageReference "lottie-spm" */ = {
			isa = XCRemoteSwiftPackageReference;
			repositoryURL = "https://github.com/airbnb/lottie-spm.git";
			requirement = {
				kind = upToNextMajorVersion;
				minimumVersion = 4.3.3;
			};
		};
/* End XCRemoteSwiftPackageReference section */

/* Begin XCSwiftPackageProductDependency section */
		62191F302B13D500009ED29A /* GoogleSignIn */ = {
			isa = XCSwiftPackageProductDependency;
			package = 62191F2F2B13D500009ED29A /* XCRemoteSwiftPackageReference "GoogleSignIn-iOS" */;
			productName = GoogleSignIn;
		};
		62191F322B13D500009ED29A /* GoogleSignInSwift */ = {
			isa = XCSwiftPackageProductDependency;
			package = 62191F2F2B13D500009ED29A /* XCRemoteSwiftPackageReference "GoogleSignIn-iOS" */;
			productName = GoogleSignInSwift;
		};
		62499CA52B4ACAC800329601 /* Kingfisher */ = {
			isa = XCSwiftPackageProductDependency;
			package = 62499CA42B4ACAC700329601 /* XCRemoteSwiftPackageReference "Kingfisher" */;
			productName = Kingfisher;
		};
		626B18902B1277210098D295 /* FirebaseAnalytics */ = {
			isa = XCSwiftPackageProductDependency;
			package = 626B188F2B1277210098D295 /* XCRemoteSwiftPackageReference "firebase-ios-sdk" */;
			productName = FirebaseAnalytics;
		};
		626B18922B1277210098D295 /* FirebaseAnalyticsOnDeviceConversion */ = {
			isa = XCSwiftPackageProductDependency;
			package = 626B188F2B1277210098D295 /* XCRemoteSwiftPackageReference "firebase-ios-sdk" */;
			productName = FirebaseAnalyticsOnDeviceConversion;
		};
		626B18942B1277210098D295 /* FirebaseAnalyticsSwift */ = {
			isa = XCSwiftPackageProductDependency;
			package = 626B188F2B1277210098D295 /* XCRemoteSwiftPackageReference "firebase-ios-sdk" */;
			productName = FirebaseAnalyticsSwift;
		};
		626B18962B1277210098D295 /* FirebaseAnalyticsWithoutAdIdSupport */ = {
			isa = XCSwiftPackageProductDependency;
			package = 626B188F2B1277210098D295 /* XCRemoteSwiftPackageReference "firebase-ios-sdk" */;
			productName = FirebaseAnalyticsWithoutAdIdSupport;
		};
		626B18982B1277210098D295 /* FirebaseAppCheck */ = {
			isa = XCSwiftPackageProductDependency;
			package = 626B188F2B1277210098D295 /* XCRemoteSwiftPackageReference "firebase-ios-sdk" */;
			productName = FirebaseAppCheck;
		};
		626B189A2B1277210098D295 /* FirebaseAppDistribution-Beta */ = {
			isa = XCSwiftPackageProductDependency;
			package = 626B188F2B1277210098D295 /* XCRemoteSwiftPackageReference "firebase-ios-sdk" */;
			productName = "FirebaseAppDistribution-Beta";
		};
		626B189C2B1277210098D295 /* FirebaseAuth */ = {
			isa = XCSwiftPackageProductDependency;
			package = 626B188F2B1277210098D295 /* XCRemoteSwiftPackageReference "firebase-ios-sdk" */;
			productName = FirebaseAuth;
		};
		626B189E2B1277210098D295 /* FirebaseAuthCombine-Community */ = {
			isa = XCSwiftPackageProductDependency;
			package = 626B188F2B1277210098D295 /* XCRemoteSwiftPackageReference "firebase-ios-sdk" */;
			productName = "FirebaseAuthCombine-Community";
		};
		626B18A02B1277210098D295 /* FirebaseCrashlytics */ = {
			isa = XCSwiftPackageProductDependency;
			package = 626B188F2B1277210098D295 /* XCRemoteSwiftPackageReference "firebase-ios-sdk" */;
			productName = FirebaseCrashlytics;
		};
		626B18A22B1277210098D295 /* FirebaseDatabase */ = {
			isa = XCSwiftPackageProductDependency;
			package = 626B188F2B1277210098D295 /* XCRemoteSwiftPackageReference "firebase-ios-sdk" */;
			productName = FirebaseDatabase;
		};
		626B18A42B1277210098D295 /* FirebaseDatabaseSwift */ = {
			isa = XCSwiftPackageProductDependency;
			package = 626B188F2B1277210098D295 /* XCRemoteSwiftPackageReference "firebase-ios-sdk" */;
			productName = FirebaseDatabaseSwift;
		};
		626B18A62B1277210098D295 /* FirebaseDynamicLinks */ = {
			isa = XCSwiftPackageProductDependency;
			package = 626B188F2B1277210098D295 /* XCRemoteSwiftPackageReference "firebase-ios-sdk" */;
			productName = FirebaseDynamicLinks;
		};
		626B18A82B1277210098D295 /* FirebaseFirestore */ = {
			isa = XCSwiftPackageProductDependency;
			package = 626B188F2B1277210098D295 /* XCRemoteSwiftPackageReference "firebase-ios-sdk" */;
			productName = FirebaseFirestore;
		};
		626B18AA2B1277210098D295 /* FirebaseFirestoreCombine-Community */ = {
			isa = XCSwiftPackageProductDependency;
			package = 626B188F2B1277210098D295 /* XCRemoteSwiftPackageReference "firebase-ios-sdk" */;
			productName = "FirebaseFirestoreCombine-Community";
		};
		626B18AC2B1277210098D295 /* FirebaseFirestoreSwift */ = {
			isa = XCSwiftPackageProductDependency;
			package = 626B188F2B1277210098D295 /* XCRemoteSwiftPackageReference "firebase-ios-sdk" */;
			productName = FirebaseFirestoreSwift;
		};
		626B18AE2B1277210098D295 /* FirebaseFunctions */ = {
			isa = XCSwiftPackageProductDependency;
			package = 626B188F2B1277210098D295 /* XCRemoteSwiftPackageReference "firebase-ios-sdk" */;
			productName = FirebaseFunctions;
		};
		626B18B02B1277210098D295 /* FirebaseFunctionsCombine-Community */ = {
			isa = XCSwiftPackageProductDependency;
			package = 626B188F2B1277210098D295 /* XCRemoteSwiftPackageReference "firebase-ios-sdk" */;
			productName = "FirebaseFunctionsCombine-Community";
		};
		626B18B22B1277210098D295 /* FirebaseInAppMessaging-Beta */ = {
			isa = XCSwiftPackageProductDependency;
			package = 626B188F2B1277210098D295 /* XCRemoteSwiftPackageReference "firebase-ios-sdk" */;
			productName = "FirebaseInAppMessaging-Beta";
		};
		626B18B42B1277210098D295 /* FirebaseInAppMessagingSwift-Beta */ = {
			isa = XCSwiftPackageProductDependency;
			package = 626B188F2B1277210098D295 /* XCRemoteSwiftPackageReference "firebase-ios-sdk" */;
			productName = "FirebaseInAppMessagingSwift-Beta";
		};
		626B18B62B1277210098D295 /* FirebaseInstallations */ = {
			isa = XCSwiftPackageProductDependency;
			package = 626B188F2B1277210098D295 /* XCRemoteSwiftPackageReference "firebase-ios-sdk" */;
			productName = FirebaseInstallations;
		};
		626B18B82B1277210098D295 /* FirebaseMLModelDownloader */ = {
			isa = XCSwiftPackageProductDependency;
			package = 626B188F2B1277210098D295 /* XCRemoteSwiftPackageReference "firebase-ios-sdk" */;
			productName = FirebaseMLModelDownloader;
		};
		626B18BA2B1277210098D295 /* FirebaseMessaging */ = {
			isa = XCSwiftPackageProductDependency;
			package = 626B188F2B1277210098D295 /* XCRemoteSwiftPackageReference "firebase-ios-sdk" */;
			productName = FirebaseMessaging;
		};
		626B18BC2B1277210098D295 /* FirebasePerformance */ = {
			isa = XCSwiftPackageProductDependency;
			package = 626B188F2B1277210098D295 /* XCRemoteSwiftPackageReference "firebase-ios-sdk" */;
			productName = FirebasePerformance;
		};
		626B18BE2B1277210098D295 /* FirebaseRemoteConfig */ = {
			isa = XCSwiftPackageProductDependency;
			package = 626B188F2B1277210098D295 /* XCRemoteSwiftPackageReference "firebase-ios-sdk" */;
			productName = FirebaseRemoteConfig;
		};
		626B18C02B1277210098D295 /* FirebaseRemoteConfigSwift */ = {
			isa = XCSwiftPackageProductDependency;
			package = 626B188F2B1277210098D295 /* XCRemoteSwiftPackageReference "firebase-ios-sdk" */;
			productName = FirebaseRemoteConfigSwift;
		};
		626B18C22B1277210098D295 /* FirebaseStorage */ = {
			isa = XCSwiftPackageProductDependency;
			package = 626B188F2B1277210098D295 /* XCRemoteSwiftPackageReference "firebase-ios-sdk" */;
			productName = FirebaseStorage;
		};
		626B18C42B1277210098D295 /* FirebaseStorageCombine-Community */ = {
			isa = XCSwiftPackageProductDependency;
			package = 626B188F2B1277210098D295 /* XCRemoteSwiftPackageReference "firebase-ios-sdk" */;
			productName = "FirebaseStorageCombine-Community";
		};
		627D81012B0D5DDE00331E0F /* Lottie */ = {
			isa = XCSwiftPackageProductDependency;
			package = 627D81002B0D5DDE00331E0F /* XCRemoteSwiftPackageReference "lottie-spm" */;
			productName = Lottie;
		};
/* End XCSwiftPackageProductDependency section */
	};
	rootObject = 62EB93B42B0D3A350052EF6F /* Project object */;
}
